
Microsoft Visual Studio Solution File, Format Version 12.00
# Visual Studio 15
VisualStudioVersion = 15.0.27703.2035
MinimumVisualStudioVersion = 10.0.40219.1
Project("{FAE04EC0-301F-11D3-BF4B-00C04F79EFBC}") = "Cibertet.UI.MVC", "Cibertet.UI.MVC\Cibertet.UI.MVC.csproj", "{D8ABB9C9-AD65-4121-9548-20B91F154AFB}"
EndProject
Global
	GlobalSection(SolutionConfigurationPlatforms) = preSolution
		Debug|Any CPU = Debug|Any CPU
		Release|Any CPU = Release|Any CPU
	EndGlobalSection
	GlobalSection(ProjectConfigurationPlatforms) = postSolution
		{D8ABB9C9-AD65-4121-9548-20B91F154AFB}.Debug|Any CPU.ActiveCfg = Debug|Any CPU
		{D8ABB9C9-AD65-4121-9548-20B91F154AFB}.Debug|Any CPU.Build.0 = Debug|Any CPU
		{D8ABB9C9-AD65-4121-9548-20B91F154AFB}.Release|Any CPU.ActiveCfg = Release|Any CPU
		{D8ABB9C9-AD65-4121-9548-20B91F154AFB}.Release|Any CPU.Build.0 = Release|Any CPU
	EndGlobalSection
	GlobalSection(SolutionProperties) = preSolution
		HideSolutionNode = FALSE
	EndGlobalSection
	GlobalSection(ExtensibilityGlobals) = postSolution
		SolutionGuid = {B98B0809-28AB-4735-94AA-9164432442FF}
	EndGlobalSection
EndGlobal
