
Microsoft Visual Studio Solution File, Format Version 12.00
# Visual Studio 15
VisualStudioVersion = 15.0.27703.2035
MinimumVisualStudioVersion = 10.0.40219.1
Project("{FAE04EC0-301F-11D3-BF4B-00C04F79EFBC}") = "App.Entities.Base", "App.Entities.Base\App.Entities.Base.csproj", "{EDAF9587-0FC1-4924-9363-936C7CB41827}"
EndProject
Project("{FAE04EC0-301F-11D3-BF4B-00C04F79EFBC}") = "App.Data.DataBase", "App.Data.DataBase\App.Data.DataBase.csproj", "{4A3D7E45-3AF7-4F13-817B-C7A466BFC397}"
EndProject
Project("{FAE04EC0-301F-11D3-BF4B-00C04F79EFBC}") = "App.Data.DataBase.Test", "App.Data.DataBase.Test\App.Data.DataBase.Test.csproj", "{9C875B69-1B02-4BA4-BC10-3F390F6C843D}"
EndProject
Project("{FAE04EC0-301F-11D3-BF4B-00C04F79EFBC}") = "App.Data.Repository.Interfaces", "App.Data.Repository.Interfaces\App.Data.Repository.Interfaces.csproj", "{01CA5BE1-1805-4E0D-8E5E-ECDE5C1C29CF}"
EndProject
Project("{FAE04EC0-301F-11D3-BF4B-00C04F79EFBC}") = "App.Data.Repository", "App.Data.Repository\App.Data.Repository.csproj", "{AAD2B379-D803-43CD-964A-4D4EF3821AFA}"
EndProject
Project("{FAE04EC0-301F-11D3-BF4B-00C04F79EFBC}") = "App.Data.Repository.Test", "App.Data.Repository.Test\App.Data.Repository.Test.csproj", "{CE64C582-D8C7-48D3-878C-3591184F2AC5}"
EndProject
Project("{FAE04EC0-301F-11D3-BF4B-00C04F79EFBC}") = "App.UI.Web.MVC", "App.UI.Web.MVC\App.UI.Web.MVC.csproj", "{BE30F216-2C4A-42CB-818C-A77D4B80EAFC}"
EndProject
Project("{FAE04EC0-301F-11D3-BF4B-00C04F79EFBC}") = "App.UI.Web.MVC.Tests", "App.UI.Web.MVC.Tests\App.UI.Web.MVC.Tests.csproj", "{F06950FB-3360-4082-AD77-4B6C068FB142}"
EndProject
Project("{2150E333-8FDC-42A3-9474-1A3956D46DE8}") = "Data", "Data", "{FABB8103-5B8F-4DA0-98C4-22E1D5C33033}"
EndProject
Project("{2150E333-8FDC-42A3-9474-1A3956D46DE8}") = "Entities", "Entities", "{7AEA71EE-9F9F-44E1-B01D-DFB38850409B}"
EndProject
Project("{2150E333-8FDC-42A3-9474-1A3956D46DE8}") = "Presentation", "Presentation", "{EC3E50AC-BAF4-471A-8EA4-7406504C1399}"
EndProject
Project("{2150E333-8FDC-42A3-9474-1A3956D46DE8}") = "Domain", "Domain", "{BFEE1CD5-1859-49B0-B2BA-BB78933DA53C}"
EndProject
Project("{FAE04EC0-301F-11D3-BF4B-00C04F79EFBC}") = "App.Domain.Services", "App.Domain.Services\App.Domain.Services.csproj", "{50C070D4-84C9-4865-A7F7-93F9C5A9E668}"
EndProject
Project("{FAE04EC0-301F-11D3-BF4B-00C04F79EFBC}") = "App.Domain.Services.Interfaces", "App.Domain.Services.Interfaces\App.Domain.Services.Interfaces.csproj", "{5484BBC1-8A47-483A-A8F1-6045D5D73B0A}"
EndProject
Global
	GlobalSection(SolutionConfigurationPlatforms) = preSolution
		Debug|Any CPU = Debug|Any CPU
		Release|Any CPU = Release|Any CPU
	EndGlobalSection
	GlobalSection(ProjectConfigurationPlatforms) = postSolution
		{EDAF9587-0FC1-4924-9363-936C7CB41827}.Debug|Any CPU.ActiveCfg = Debug|Any CPU
		{EDAF9587-0FC1-4924-9363-936C7CB41827}.Debug|Any CPU.Build.0 = Debug|Any CPU
		{EDAF9587-0FC1-4924-9363-936C7CB41827}.Release|Any CPU.ActiveCfg = Release|Any CPU
		{EDAF9587-0FC1-4924-9363-936C7CB41827}.Release|Any CPU.Build.0 = Release|Any CPU
		{4A3D7E45-3AF7-4F13-817B-C7A466BFC397}.Debug|Any CPU.ActiveCfg = Debug|Any CPU
		{4A3D7E45-3AF7-4F13-817B-C7A466BFC397}.Debug|Any CPU.Build.0 = Debug|Any CPU
		{4A3D7E45-3AF7-4F13-817B-C7A466BFC397}.Release|Any CPU.ActiveCfg = Release|Any CPU
		{4A3D7E45-3AF7-4F13-817B-C7A466BFC397}.Release|Any CPU.Build.0 = Release|Any CPU
		{9C875B69-1B02-4BA4-BC10-3F390F6C843D}.Debug|Any CPU.ActiveCfg = Debug|Any CPU
		{9C875B69-1B02-4BA4-BC10-3F390F6C843D}.Debug|Any CPU.Build.0 = Debug|Any CPU
		{9C875B69-1B02-4BA4-BC10-3F390F6C843D}.Release|Any CPU.ActiveCfg = Release|Any CPU
		{9C875B69-1B02-4BA4-BC10-3F390F6C843D}.Release|Any CPU.Build.0 = Release|Any CPU
		{01CA5BE1-1805-4E0D-8E5E-ECDE5C1C29CF}.Debug|Any CPU.ActiveCfg = Debug|Any CPU
		{01CA5BE1-1805-4E0D-8E5E-ECDE5C1C29CF}.Debug|Any CPU.Build.0 = Debug|Any CPU
		{01CA5BE1-1805-4E0D-8E5E-ECDE5C1C29CF}.Release|Any CPU.ActiveCfg = Release|Any CPU
		{01CA5BE1-1805-4E0D-8E5E-ECDE5C1C29CF}.Release|Any CPU.Build.0 = Release|Any CPU
		{AAD2B379-D803-43CD-964A-4D4EF3821AFA}.Debug|Any CPU.ActiveCfg = Debug|Any CPU
		{AAD2B379-D803-43CD-964A-4D4EF3821AFA}.Debug|Any CPU.Build.0 = Debug|Any CPU
		{AAD2B379-D803-43CD-964A-4D4EF3821AFA}.Release|Any CPU.ActiveCfg = Release|Any CPU
		{AAD2B379-D803-43CD-964A-4D4EF3821AFA}.Release|Any CPU.Build.0 = Release|Any CPU
		{CE64C582-D8C7-48D3-878C-3591184F2AC5}.Debug|Any CPU.ActiveCfg = Debug|Any CPU
		{CE64C582-D8C7-48D3-878C-3591184F2AC5}.Debug|Any CPU.Build.0 = Debug|Any CPU
		{CE64C582-D8C7-48D3-878C-3591184F2AC5}.Release|Any CPU.ActiveCfg = Release|Any CPU
		{CE64C582-D8C7-48D3-878C-3591184F2AC5}.Release|Any CPU.Build.0 = Release|Any CPU
		{BE30F216-2C4A-42CB-818C-A77D4B80EAFC}.Debug|Any CPU.ActiveCfg = Debug|Any CPU
		{BE30F216-2C4A-42CB-818C-A77D4B80EAFC}.Debug|Any CPU.Build.0 = Debug|Any CPU
		{BE30F216-2C4A-42CB-818C-A77D4B80EAFC}.Release|Any CPU.ActiveCfg = Release|Any CPU
		{BE30F216-2C4A-42CB-818C-A77D4B80EAFC}.Release|Any CPU.Build.0 = Release|Any CPU
		{F06950FB-3360-4082-AD77-4B6C068FB142}.Debug|Any CPU.ActiveCfg = Debug|Any CPU
		{F06950FB-3360-4082-AD77-4B6C068FB142}.Debug|Any CPU.Build.0 = Debug|Any CPU
		{F06950FB-3360-4082-AD77-4B6C068FB142}.Release|Any CPU.ActiveCfg = Release|Any CPU
		{F06950FB-3360-4082-AD77-4B6C068FB142}.Release|Any CPU.Build.0 = Release|Any CPU
		{50C070D4-84C9-4865-A7F7-93F9C5A9E668}.Debug|Any CPU.ActiveCfg = Debug|Any CPU
		{50C070D4-84C9-4865-A7F7-93F9C5A9E668}.Debug|Any CPU.Build.0 = Debug|Any CPU
		{50C070D4-84C9-4865-A7F7-93F9C5A9E668}.Release|Any CPU.ActiveCfg = Release|Any CPU
		{50C070D4-84C9-4865-A7F7-93F9C5A9E668}.Release|Any CPU.Build.0 = Release|Any CPU
		{5484BBC1-8A47-483A-A8F1-6045D5D73B0A}.Debug|Any CPU.ActiveCfg = Debug|Any CPU
		{5484BBC1-8A47-483A-A8F1-6045D5D73B0A}.Debug|Any CPU.Build.0 = Debug|Any CPU
		{5484BBC1-8A47-483A-A8F1-6045D5D73B0A}.Release|Any CPU.ActiveCfg = Release|Any CPU
		{5484BBC1-8A47-483A-A8F1-6045D5D73B0A}.Release|Any CPU.Build.0 = Release|Any CPU
	EndGlobalSection
	GlobalSection(SolutionProperties) = preSolution
		HideSolutionNode = FALSE
	EndGlobalSection
	GlobalSection(NestedProjects) = preSolution
		{EDAF9587-0FC1-4924-9363-936C7CB41827} = {7AEA71EE-9F9F-44E1-B01D-DFB38850409B}
		{4A3D7E45-3AF7-4F13-817B-C7A466BFC397} = {FABB8103-5B8F-4DA0-98C4-22E1D5C33033}
		{9C875B69-1B02-4BA4-BC10-3F390F6C843D} = {FABB8103-5B8F-4DA0-98C4-22E1D5C33033}
		{01CA5BE1-1805-4E0D-8E5E-ECDE5C1C29CF} = {FABB8103-5B8F-4DA0-98C4-22E1D5C33033}
		{AAD2B379-D803-43CD-964A-4D4EF3821AFA} = {FABB8103-5B8F-4DA0-98C4-22E1D5C33033}
		{CE64C582-D8C7-48D3-878C-3591184F2AC5} = {FABB8103-5B8F-4DA0-98C4-22E1D5C33033}
		{BE30F216-2C4A-42CB-818C-A77D4B80EAFC} = {EC3E50AC-BAF4-471A-8EA4-7406504C1399}
		{F06950FB-3360-4082-AD77-4B6C068FB142} = {EC3E50AC-BAF4-471A-8EA4-7406504C1399}
		{50C070D4-84C9-4865-A7F7-93F9C5A9E668} = {BFEE1CD5-1859-49B0-B2BA-BB78933DA53C}
		{5484BBC1-8A47-483A-A8F1-6045D5D73B0A} = {BFEE1CD5-1859-49B0-B2BA-BB78933DA53C}
	EndGlobalSection
	GlobalSection(ExtensibilityGlobals) = postSolution
		SolutionGuid = {C456DEE5-A44C-4295-B775-D663E2EC9713}
	EndGlobalSection
EndGlobal
