
Microsoft Visual Studio Solution File, Format Version 12.00
# Visual Studio 15
VisualStudioVersion = 15.0.27703.2035
MinimumVisualStudioVersion = 10.0.40219.1
Project("{FAE04EC0-301F-11D3-BF4B-00C04F79EFBC}") = "App.Entities.Base", "App.Entities.Base\App.Entities.Base.csproj", "{10522F12-1670-4EF9-9705-191986D0357F}"
EndProject
Project("{FAE04EC0-301F-11D3-BF4B-00C04F79EFBC}") = "App.Data.DataBase", "App.Data.DataBase\App.Data.DataBase.csproj", "{3A216B3F-2B69-4A61-BD8C-A0EECA3D17CE}"
EndProject
Project("{FAE04EC0-301F-11D3-BF4B-00C04F79EFBC}") = "App.Data.DataBase.Test", "App.Data.DataBase.Test\App.Data.DataBase.Test.csproj", "{367066D3-02EE-4B9F-95E0-19BDDC7C1BB4}"
EndProject
Project("{FAE04EC0-301F-11D3-BF4B-00C04F79EFBC}") = "App.Data.Repository.Interfaces", "App.Data.Repository.Interfaces\App.Data.Repository.Interfaces.csproj", "{9CAA692B-2389-48FA-AA0C-D7E4D02D5431}"
EndProject
Project("{FAE04EC0-301F-11D3-BF4B-00C04F79EFBC}") = "App.Data.Repository", "App.Data.Repository\App.Data.Repository.csproj", "{8D9B85DA-B268-4D59-8515-35889B1FD91E}"
EndProject
Project("{FAE04EC0-301F-11D3-BF4B-00C04F79EFBC}") = "App.Data.Repository.Test", "App.Data.Repository.Test\App.Data.Repository.Test.csproj", "{7DFE82B3-BB1A-4E77-823C-A47F0D1429B4}"
EndProject
Project("{FAE04EC0-301F-11D3-BF4B-00C04F79EFBC}") = "App.UI.Web.MVC", "App.UI.Web.MVC\App.UI.Web.MVC.csproj", "{E76C1565-AE17-4FD9-8917-6BB67103B82B}"
EndProject
Project("{FAE04EC0-301F-11D3-BF4B-00C04F79EFBC}") = "App.UI.Web.MVC.Tests", "App.UI.Web.MVC.Tests\App.UI.Web.MVC.Tests.csproj", "{76910F71-C906-4E38-A39B-1BC23D9C9DF2}"
EndProject
Project("{2150E333-8FDC-42A3-9474-1A3956D46DE8}") = "Data", "Data", "{38F1C3C6-ACF4-4BC6-AF78-180BDF3C0D76}"
EndProject
Project("{2150E333-8FDC-42A3-9474-1A3956D46DE8}") = "Entities", "Entities", "{6D5CF1A4-BAF3-4E18-84FE-D9623B8AB87D}"
EndProject
Project("{2150E333-8FDC-42A3-9474-1A3956D46DE8}") = "Presentation", "Presentation", "{BBE0CE52-6D45-4A58-8F8A-103DAD9508EB}"
EndProject
Project("{2150E333-8FDC-42A3-9474-1A3956D46DE8}") = "Domain", "Domain", "{CB6F400C-7FDB-46A8-A905-0A292AF7F77D}"
EndProject
Project("{FAE04EC0-301F-11D3-BF4B-00C04F79EFBC}") = "App.Domain.Services", "App.Domain.Services\App.Domain.Services.csproj", "{DFE6D13D-779E-46FF-B01F-E75C0B5AB9AA}"
EndProject
Project("{FAE04EC0-301F-11D3-BF4B-00C04F79EFBC}") = "App.Domain.Services.Interfaces", "App.Domain.Services.Interfaces\App.Domain.Services.Interfaces.csproj", "{65D5D8B1-0C78-4185-8957-2E554BE45E45}"
EndProject
Global
	GlobalSection(SolutionConfigurationPlatforms) = preSolution
		Debug|Any CPU = Debug|Any CPU
		Release|Any CPU = Release|Any CPU
	EndGlobalSection
	GlobalSection(ProjectConfigurationPlatforms) = postSolution
		{10522F12-1670-4EF9-9705-191986D0357F}.Debug|Any CPU.ActiveCfg = Debug|Any CPU
		{10522F12-1670-4EF9-9705-191986D0357F}.Debug|Any CPU.Build.0 = Debug|Any CPU
		{10522F12-1670-4EF9-9705-191986D0357F}.Release|Any CPU.ActiveCfg = Release|Any CPU
		{10522F12-1670-4EF9-9705-191986D0357F}.Release|Any CPU.Build.0 = Release|Any CPU
		{3A216B3F-2B69-4A61-BD8C-A0EECA3D17CE}.Debug|Any CPU.ActiveCfg = Debug|Any CPU
		{3A216B3F-2B69-4A61-BD8C-A0EECA3D17CE}.Debug|Any CPU.Build.0 = Debug|Any CPU
		{3A216B3F-2B69-4A61-BD8C-A0EECA3D17CE}.Release|Any CPU.ActiveCfg = Release|Any CPU
		{3A216B3F-2B69-4A61-BD8C-A0EECA3D17CE}.Release|Any CPU.Build.0 = Release|Any CPU
		{367066D3-02EE-4B9F-95E0-19BDDC7C1BB4}.Debug|Any CPU.ActiveCfg = Debug|Any CPU
		{367066D3-02EE-4B9F-95E0-19BDDC7C1BB4}.Debug|Any CPU.Build.0 = Debug|Any CPU
		{367066D3-02EE-4B9F-95E0-19BDDC7C1BB4}.Release|Any CPU.ActiveCfg = Release|Any CPU
		{367066D3-02EE-4B9F-95E0-19BDDC7C1BB4}.Release|Any CPU.Build.0 = Release|Any CPU
		{9CAA692B-2389-48FA-AA0C-D7E4D02D5431}.Debug|Any CPU.ActiveCfg = Debug|Any CPU
		{9CAA692B-2389-48FA-AA0C-D7E4D02D5431}.Debug|Any CPU.Build.0 = Debug|Any CPU
		{9CAA692B-2389-48FA-AA0C-D7E4D02D5431}.Release|Any CPU.ActiveCfg = Release|Any CPU
		{9CAA692B-2389-48FA-AA0C-D7E4D02D5431}.Release|Any CPU.Build.0 = Release|Any CPU
		{8D9B85DA-B268-4D59-8515-35889B1FD91E}.Debug|Any CPU.ActiveCfg = Debug|Any CPU
		{8D9B85DA-B268-4D59-8515-35889B1FD91E}.Debug|Any CPU.Build.0 = Debug|Any CPU
		{8D9B85DA-B268-4D59-8515-35889B1FD91E}.Release|Any CPU.ActiveCfg = Release|Any CPU
		{8D9B85DA-B268-4D59-8515-35889B1FD91E}.Release|Any CPU.Build.0 = Release|Any CPU
		{7DFE82B3-BB1A-4E77-823C-A47F0D1429B4}.Debug|Any CPU.ActiveCfg = Debug|Any CPU
		{7DFE82B3-BB1A-4E77-823C-A47F0D1429B4}.Debug|Any CPU.Build.0 = Debug|Any CPU
		{7DFE82B3-BB1A-4E77-823C-A47F0D1429B4}.Release|Any CPU.ActiveCfg = Release|Any CPU
		{7DFE82B3-BB1A-4E77-823C-A47F0D1429B4}.Release|Any CPU.Build.0 = Release|Any CPU
		{E76C1565-AE17-4FD9-8917-6BB67103B82B}.Debug|Any CPU.ActiveCfg = Debug|Any CPU
		{E76C1565-AE17-4FD9-8917-6BB67103B82B}.Debug|Any CPU.Build.0 = Debug|Any CPU
		{E76C1565-AE17-4FD9-8917-6BB67103B82B}.Release|Any CPU.ActiveCfg = Release|Any CPU
		{E76C1565-AE17-4FD9-8917-6BB67103B82B}.Release|Any CPU.Build.0 = Release|Any CPU
		{76910F71-C906-4E38-A39B-1BC23D9C9DF2}.Debug|Any CPU.ActiveCfg = Debug|Any CPU
		{76910F71-C906-4E38-A39B-1BC23D9C9DF2}.Debug|Any CPU.Build.0 = Debug|Any CPU
		{76910F71-C906-4E38-A39B-1BC23D9C9DF2}.Release|Any CPU.ActiveCfg = Release|Any CPU
		{76910F71-C906-4E38-A39B-1BC23D9C9DF2}.Release|Any CPU.Build.0 = Release|Any CPU
		{DFE6D13D-779E-46FF-B01F-E75C0B5AB9AA}.Debug|Any CPU.ActiveCfg = Debug|Any CPU
		{DFE6D13D-779E-46FF-B01F-E75C0B5AB9AA}.Debug|Any CPU.Build.0 = Debug|Any CPU
		{DFE6D13D-779E-46FF-B01F-E75C0B5AB9AA}.Release|Any CPU.ActiveCfg = Release|Any CPU
		{DFE6D13D-779E-46FF-B01F-E75C0B5AB9AA}.Release|Any CPU.Build.0 = Release|Any CPU
		{65D5D8B1-0C78-4185-8957-2E554BE45E45}.Debug|Any CPU.ActiveCfg = Debug|Any CPU
		{65D5D8B1-0C78-4185-8957-2E554BE45E45}.Debug|Any CPU.Build.0 = Debug|Any CPU
		{65D5D8B1-0C78-4185-8957-2E554BE45E45}.Release|Any CPU.ActiveCfg = Release|Any CPU
		{65D5D8B1-0C78-4185-8957-2E554BE45E45}.Release|Any CPU.Build.0 = Release|Any CPU
	EndGlobalSection
	GlobalSection(SolutionProperties) = preSolution
		HideSolutionNode = FALSE
	EndGlobalSection
	GlobalSection(NestedProjects) = preSolution
		{10522F12-1670-4EF9-9705-191986D0357F} = {6D5CF1A4-BAF3-4E18-84FE-D9623B8AB87D}
		{3A216B3F-2B69-4A61-BD8C-A0EECA3D17CE} = {38F1C3C6-ACF4-4BC6-AF78-180BDF3C0D76}
		{367066D3-02EE-4B9F-95E0-19BDDC7C1BB4} = {38F1C3C6-ACF4-4BC6-AF78-180BDF3C0D76}
		{9CAA692B-2389-48FA-AA0C-D7E4D02D5431} = {38F1C3C6-ACF4-4BC6-AF78-180BDF3C0D76}
		{8D9B85DA-B268-4D59-8515-35889B1FD91E} = {38F1C3C6-ACF4-4BC6-AF78-180BDF3C0D76}
		{7DFE82B3-BB1A-4E77-823C-A47F0D1429B4} = {38F1C3C6-ACF4-4BC6-AF78-180BDF3C0D76}
		{E76C1565-AE17-4FD9-8917-6BB67103B82B} = {BBE0CE52-6D45-4A58-8F8A-103DAD9508EB}
		{76910F71-C906-4E38-A39B-1BC23D9C9DF2} = {BBE0CE52-6D45-4A58-8F8A-103DAD9508EB}
		{DFE6D13D-779E-46FF-B01F-E75C0B5AB9AA} = {CB6F400C-7FDB-46A8-A905-0A292AF7F77D}
		{65D5D8B1-0C78-4185-8957-2E554BE45E45} = {CB6F400C-7FDB-46A8-A905-0A292AF7F77D}
	EndGlobalSection
	GlobalSection(ExtensibilityGlobals) = postSolution
		SolutionGuid = {BA40557E-F491-4103-BB94-247E420DCF82}
	EndGlobalSection
EndGlobal
